
Microsoft Visual Studio Solution File, Format Version 12.00
# Visual Studio Version 16
VisualStudioVersion = 16.0.31729.503
MinimumVisualStudioVersion = 10.0.40219.1
Project("{FAE04EC0-301F-11D3-BF4B-00C04F79EFBC}") = "MCD_InerfaceOrnek2", "MCD_InerfaceOrnek2\MCD_InerfaceOrnek2.csproj", "{34EB4BDE-D64C-48B0-928A-C131688E8D78}"
EndProject
Global
	GlobalSection(SolutionConfigurationPlatforms) = preSolution
		Debug|Any CPU = Debug|Any CPU
		Release|Any CPU = Release|Any CPU
	EndGlobalSection
	GlobalSection(ProjectConfigurationPlatforms) = postSolution
		{34EB4BDE-D64C-48B0-928A-C131688E8D78}.Debug|Any CPU.ActiveCfg = Debug|Any CPU
		{34EB4BDE-D64C-48B0-928A-C131688E8D78}.Debug|Any CPU.Build.0 = Debug|Any CPU
		{34EB4BDE-D64C-48B0-928A-C131688E8D78}.Release|Any CPU.ActiveCfg = Release|Any CPU
		{34EB4BDE-D64C-48B0-928A-C131688E8D78}.Release|Any CPU.Build.0 = Release|Any CPU
	EndGlobalSection
	GlobalSection(SolutionProperties) = preSolution
		HideSolutionNode = FALSE
	EndGlobalSection
	GlobalSection(ExtensibilityGlobals) = postSolution
		SolutionGuid = {DD3D19D7-755D-413F-A94B-0BACBB38DC0C}
	EndGlobalSection
EndGlobal
